{
  "originHash" : "43502d9ab73f4caf68a97604b594ebf43b8cbe39b533800ac54fd80fbedf5d46",
  "pins" : [
    {
      "identity" : "ifrit",
      "kind" : "remoteSourceControl",
      "location" : "https://github.com/ukushu/Ifrit.git",
      "state" : {
        "branch" : "main",
        "revision" : "55194f2080e6a5c803ac62c342a9351a2c773b2f"
      }
    },
    {
      "identity" : "uk-railway-stations",
      "kind" : "remoteSourceControl",
      "location" : "https://github.com/davwheat/uk-railway-stations",
      "state" : {
        "revision" : "5360aab436ecbb468ca7056fd911ddcb40f06046",
        "version" : "1.8.4"
      }
    }
  ],
  "version" : 3
}
